
Microsoft Visual Studio Solution File, Format Version 12.00
# Visual Studio Version 16
VisualStudioVersion = 16.0.32002.261
MinimumVisualStudioVersion = 10.0.40219.1
Project("{FAE04EC0-301F-11D3-BF4B-00C04F79EFBC}") = "ProjectChocobo", "ProjectChocobo.csproj", "{FECD5F9F-0C69-4500-B1F8-5985762A8D66}"
EndProject
Project("{2150E333-8FDC-42A3-9474-1A3956D46DE8}") = "Solution Items", "Solution Items", "{6D44F4EF-A193-4AFA-BC3D-C68BB8047910}"
EndProject
Project("{FAE04EC0-301F-11D3-BF4B-00C04F79EFBC}") = "UnitTesting", "..\UnitTesting\UnitTesting.csproj", "{B4C06CEB-223A-485C-9568-A8E6ADA2C022}"
EndProject
Global
	GlobalSection(SolutionConfigurationPlatforms) = preSolution
		Debug|Any CPU = Debug|Any CPU
		Release|Any CPU = Release|Any CPU
	EndGlobalSection
	GlobalSection(ProjectConfigurationPlatforms) = postSolution
		{FECD5F9F-0C69-4500-B1F8-5985762A8D66}.Debug|Any CPU.ActiveCfg = Debug|Any CPU
		{FECD5F9F-0C69-4500-B1F8-5985762A8D66}.Debug|Any CPU.Build.0 = Debug|Any CPU
		{FECD5F9F-0C69-4500-B1F8-5985762A8D66}.Release|Any CPU.ActiveCfg = Release|Any CPU
		{FECD5F9F-0C69-4500-B1F8-5985762A8D66}.Release|Any CPU.Build.0 = Release|Any CPU
		{B4C06CEB-223A-485C-9568-A8E6ADA2C022}.Debug|Any CPU.ActiveCfg = Debug|Any CPU
		{B4C06CEB-223A-485C-9568-A8E6ADA2C022}.Debug|Any CPU.Build.0 = Debug|Any CPU
		{B4C06CEB-223A-485C-9568-A8E6ADA2C022}.Release|Any CPU.ActiveCfg = Release|Any CPU
		{B4C06CEB-223A-485C-9568-A8E6ADA2C022}.Release|Any CPU.Build.0 = Release|Any CPU
	EndGlobalSection
	GlobalSection(SolutionProperties) = preSolution
		HideSolutionNode = FALSE
	EndGlobalSection
	GlobalSection(ExtensibilityGlobals) = postSolution
		SolutionGuid = {D4555539-1DAA-46C6-914C-B3698417ADF8}
	EndGlobalSection
EndGlobal
